
Microsoft Visual Studio Solution File, Format Version 12.00
# Visual Studio 15
VisualStudioVersion = 15.0.28307.902
MinimumVisualStudioVersion = 10.0.40219.1
Project("{FAE04EC0-301F-11D3-BF4B-00C04F79EFBC}") = "Q-Learning", "Q-Learning\Q-Learning.csproj", "{6868FCCF-782C-47F1-97CA-5BA26A35F1F2}"
EndProject
Global
	GlobalSection(SolutionConfigurationPlatforms) = preSolution
		Debug|Any CPU = Debug|Any CPU
		Release|Any CPU = Release|Any CPU
	EndGlobalSection
	GlobalSection(ProjectConfigurationPlatforms) = postSolution
		{6868FCCF-782C-47F1-97CA-5BA26A35F1F2}.Debug|Any CPU.ActiveCfg = Debug|Any CPU
		{6868FCCF-782C-47F1-97CA-5BA26A35F1F2}.Debug|Any CPU.Build.0 = Debug|Any CPU
		{6868FCCF-782C-47F1-97CA-5BA26A35F1F2}.Release|Any CPU.ActiveCfg = Release|Any CPU
		{6868FCCF-782C-47F1-97CA-5BA26A35F1F2}.Release|Any CPU.Build.0 = Release|Any CPU
	EndGlobalSection
	GlobalSection(SolutionProperties) = preSolution
		HideSolutionNode = FALSE
	EndGlobalSection
	GlobalSection(ExtensibilityGlobals) = postSolution
		SolutionGuid = {4953C174-3C4C-4817-ABDE-589306E50201}
	EndGlobalSection
EndGlobal
